
Microsoft Visual Studio Solution File, Format Version 12.00
# Visual Studio Version 17
VisualStudioVersion = 17.11.35208.52
MinimumVisualStudioVersion = 10.0.40219.1
Project("{13B669BE-BB05-4DDF-9536-439F39A36129}") = "PHPProjectPT3HD3", "PHPProjectPT3HD3.phpproj", "{EBE880E9-682A-4E83-BFF0-B1C9DB296363}"
EndProject
Global
	GlobalSection(SolutionConfigurationPlatforms) = preSolution
		Debug|Any CPU = Debug|Any CPU
		Release|Any CPU = Release|Any CPU
	EndGlobalSection
	GlobalSection(ProjectConfigurationPlatforms) = postSolution
		{EBE880E9-682A-4E83-BFF0-B1C9DB296363}.Debug|Any CPU.ActiveCfg = Debug|Any CPU
		{EBE880E9-682A-4E83-BFF0-B1C9DB296363}.Debug|Any CPU.Build.0 = Debug|Any CPU
		{EBE880E9-682A-4E83-BFF0-B1C9DB296363}.Release|Any CPU.ActiveCfg = Release|Any CPU
		{EBE880E9-682A-4E83-BFF0-B1C9DB296363}.Release|Any CPU.Build.0 = Release|Any CPU
	EndGlobalSection
	GlobalSection(SolutionProperties) = preSolution
		HideSolutionNode = FALSE
	EndGlobalSection
	GlobalSection(ExtensibilityGlobals) = postSolution
		SolutionGuid = {9F9297E2-36D5-43CC-A096-DAF4336A40F2}
	EndGlobalSection
EndGlobal
